
Microsoft Visual Studio Solution File, Format Version 12.00
# Visual Studio 15
VisualStudioVersion = 15.0.28307.572
MinimumVisualStudioVersion = 10.0.40219.1
Project("{FAE04EC0-301F-11D3-BF4B-00C04F79EFBC}") = "priyatniy_shelest", "priyatniy_shelest\priyatniy_shelest.csproj", "{3990698F-3109-4D0E-B29B-C6CA24C9F062}"
EndProject
Global
	GlobalSection(SolutionConfigurationPlatforms) = preSolution
		Debug|Any CPU = Debug|Any CPU
		Release|Any CPU = Release|Any CPU
	EndGlobalSection
	GlobalSection(ProjectConfigurationPlatforms) = postSolution
		{3990698F-3109-4D0E-B29B-C6CA24C9F062}.Debug|Any CPU.ActiveCfg = Debug|Any CPU
		{3990698F-3109-4D0E-B29B-C6CA24C9F062}.Debug|Any CPU.Build.0 = Debug|Any CPU
		{3990698F-3109-4D0E-B29B-C6CA24C9F062}.Release|Any CPU.ActiveCfg = Release|Any CPU
		{3990698F-3109-4D0E-B29B-C6CA24C9F062}.Release|Any CPU.Build.0 = Release|Any CPU
	EndGlobalSection
	GlobalSection(SolutionProperties) = preSolution
		HideSolutionNode = FALSE
	EndGlobalSection
	GlobalSection(ExtensibilityGlobals) = postSolution
		SolutionGuid = {FD6451BC-29DE-4775-B63C-464AAF19B1D0}
	EndGlobalSection
EndGlobal
